// !$*UTF8*$!
{
	archiveVersion = 1;
	classes = {
	};
	objectVersion = 46;
	objects = {

/* Begin PBXBuildFile section */
		A91578DB1B2526E000189E4C /* main.m in Sources */ = {isa = PBXBuildFile; fileRef = A91578DA1B2526E000189E4C /* main.m */; };
		A91578DE1B2526E000189E4C /* AppDelegate.m in Sources */ = {isa = PBXBuildFile; fileRef = A91578DD1B2526E000189E4C /* AppDelegate.m */; };
		A91578E11B2526E000189E4C /* FirstViewController.m in Sources */ = {isa = PBXBuildFile; fileRef = A91578E01B2526E000189E4C /* FirstViewController.m */; };
		A91578E41B2526E000189E4C /* SecondViewController.m in Sources */ = {isa = PBXBuildFile; fileRef = A91578E31B2526E000189E4C /* SecondViewController.m */; };
		A91578E71B2526E000189E4C /* Main.storyboard in Resources */ = {isa = PBXBuildFile; fileRef = A91578E51B2526E000189E4C /* Main.storyboard */; };
		A91578E91B2526E100189E4C /* Images.xcassets in Resources */ = {isa = PBXBuildFile; fileRef = A91578E81B2526E100189E4C /* Images.xcassets */; };
		A91578EC1B2526E100189E4C /* LaunchScreen.xib in Resources */ = {isa = PBXBuildFile; fileRef = A91578EA1B2526E100189E4C /* LaunchScreen.xib */; };
		A91578F81B2526E100189E4C /* iClentPlayerTests.m in Sources */ = {isa = PBXBuildFile; fileRef = A91578F71B2526E100189E4C /* iClentPlayerTests.m */; };
/* End PBXBuildFile section */

/* Begin PBXContainerItemProxy section */
		A91578F21B2526E100189E4C /* PBXContainerItemProxy */ = {
			isa = PBXContainerItemProxy;
			containerPortal = A91578CD1B2526E000189E4C /* Project object */;
			proxyType = 1;
			remoteGlobalIDString = A91578D41B2526E000189E4C;
			remoteInfo = iClentPlayer;
		};
/* End PBXContainerItemProxy section */

/* Begin PBXFileReference section */
		A91578D51B2526E000189E4C /* iClentPlayer.app */ = {isa = PBXFileReference; explicitFileType = wrapper.application; includeInIndex = 0; path = iClentPlayer.app; sourceTree = BUILT_PRODUCTS_DIR; };
		A91578D91B2526E000189E4C /* Info.plist */ = {isa = PBXFileReference; lastKnownFileType = text.plist.xml; path = Info.plist; sourceTree = "<group>"; };
		A91578DA1B2526E000189E4C /* main.m */ = {isa = PBXFileReference; lastKnownFileType = sourcecode.c.objc; path = main.m; sourceTree = "<group>"; };
		A91578DC1B2526E000189E4C /* AppDelegate.h */ = {isa = PBXFileReference; lastKnownFileType = sourcecode.c.h; path = AppDelegate.h; sourceTree = "<group>"; };
		A91578DD1B2526E000189E4C /* AppDelegate.m */ = {isa = PBXFileReference; lastKnownFileType = sourcecode.c.objc; path = AppDelegate.m; sourceTree = "<group>"; };
		A91578DF1B2526E000189E4C /* FirstViewController.h */ = {isa = PBXFileReference; lastKnownFileType = sourcecode.c.h; path = FirstViewController.h; sourceTree = "<group>"; };
		A91578E01B2526E000189E4C /* FirstViewController.m */ = {isa = PBXFileReference; lastKnownFileType = sourcecode.c.objc; path = FirstViewController.m; sourceTree = "<group>"; };
		A91578E21B2526E000189E4C /* SecondViewController.h */ = {isa = PBXFileReference; lastKnownFileType = sourcecode.c.h; path = SecondViewController.h; sourceTree = "<group>"; };
		A91578E31B2526E000189E4C /* SecondViewController.m */ = {isa = PBXFileReference; lastKnownFileType = sourcecode.c.objc; path = SecondViewController.m; sourceTree = "<group>"; };
		A91578E61B2526E000189E4C /* Base */ = {isa = PBXFileReference; lastKnownFileType = file.storyboard; name = Base; path = Base.lproj/Main.storyboard; sourceTree = "<group>"; };
		A91578E81B2526E100189E4C /* Images.xcassets */ = {isa = PBXFileReference; lastKnownFileType = folder.assetcatalog; path = Images.xcassets; sourceTree = "<group>"; };
		A91578EB1B2526E100189E4C /* Base */ = {isa = PBXFileReference; lastKnownFileType = file.xib; name = Base; path = Base.lproj/LaunchScreen.xib; sourceTree = "<group>"; };
		A91578F11B2526E100189E4C /* iClentPlayerTests.xctest */ = {isa = PBXFileReference; explicitFileType = wrapper.cfbundle; includeInIndex = 0; path = iClentPlayerTests.xctest; sourceTree = BUILT_PRODUCTS_DIR; };
		A91578F61B2526E100189E4C /* Info.plist */ = {isa = PBXFileReference; lastKnownFileType = text.plist.xml; path = Info.plist; sourceTree = "<group>"; };
		A91578F71B2526E100189E4C /* iClentPlayerTests.m */ = {isa = PBXFileReference; lastKnownFileType = sourcecode.c.objc; path = iClentPlayerTests.m; sourceTree = "<group>"; };
/* End PBXFileReference section */

/* Begin PBXFrameworksBuildPhase section */
		A91578D21B2526E000189E4C /* Frameworks */ = {
			isa = PBXFrameworksBuildPhase;
			buildActionMask = 2147483647;
			files = (
			);
			runOnlyForDeploymentPostprocessing = 0;
		};
		A91578EE1B2526E100189E4C /* Frameworks */ = {
			isa = PBXFrameworksBuildPhase;
			buildActionMask = 2147483647;
			files = (
			);
			runOnlyForDeploymentPostprocessing = 0;
		};
/* End PBXFrameworksBuildPhase section */

/* Begin PBXGroup section */
		A91578CC1B2526E000189E4C = {
			isa = PBXGroup;
			children = (
				A91578D71B2526E000189E4C /* iClentPlayer */,
				A91578F41B2526E100189E4C /* iClentPlayerTests */,
				A91578D61B2526E000189E4C /* Products */,
			);
			sourceTree = "<group>";
		};
		A91578D61B2526E000189E4C /* Products */ = {
			isa = PBXGroup;
			children = (
				A91578D51B2526E000189E4C /* iClentPlayer.app */,
				A91578F11B2526E100189E4C /* iClentPlayerTests.xctest */,
			);
			name = Products;
			sourceTree = "<group>";
		};
		A91578D71B2526E000189E4C /* iClentPlayer */ = {
			isa = PBXGroup;
			children = (
				A91578DC1B2526E000189E4C /* AppDelegate.h */,
				A91578DD1B2526E000189E4C /* AppDelegate.m */,
				A91578DF1B2526E000189E4C /* FirstViewController.h */,
				A91578E01B2526E000189E4C /* FirstViewController.m */,
				A91578E21B2526E000189E4C /* SecondViewController.h */,
				A91578E31B2526E000189E4C /* SecondViewController.m */,
				A91578E51B2526E000189E4C /* Main.storyboard */,
				A91578E81B2526E100189E4C /* Images.xcassets */,
				A91578EA1B2526E100189E4C /* LaunchScreen.xib */,
				A91578D81B2526E000189E4C /* Supporting Files */,
			);
			path = iClentPlayer;
			sourceTree = "<group>";
		};
		A91578D81B2526E000189E4C /* Supporting Files */ = {
			isa = PBXGroup;
			children = (
				A91578D91B2526E000189E4C /* Info.plist */,
				A91578DA1B2526E000189E4C /* main.m */,
			);
			name = "Supporting Files";
			sourceTree = "<group>";
		};
		A91578F41B2526E100189E4C /* iClentPlayerTests */ = {
			isa = PBXGroup;
			children = (
				A91578F71B2526E100189E4C /* iClentPlayerTests.m */,
				A91578F51B2526E100189E4C /* Supporting Files */,
			);
			path = iClentPlayerTests;
			sourceTree = "<group>";
		};
		A91578F51B2526E100189E4C /* Supporting Files */ = {
			isa = PBXGroup;
			children = (
				A91578F61B2526E100189E4C /* Info.plist */,
			);
			name = "Supporting Files";
			sourceTree = "<group>";
		};
/* End PBXGroup section */

/* Begin PBXNativeTarget section */
		A91578D41B2526E000189E4C /* iClentPlayer */ = {
			isa = PBXNativeTarget;
			buildConfigurationList = A91578FB1B2526E100189E4C /* Build configuration list for PBXNativeTarget "iClentPlayer" */;
			buildPhases = (
				A91578D11B2526E000189E4C /* Sources */,
				A91578D21B2526E000189E4C /* Frameworks */,
				A91578D31B2526E000189E4C /* Resources */,
			);
			buildRules = (
			);
			dependencies = (
			);
			name = iClentPlayer;
			productName = iClentPlayer;
			productReference = A91578D51B2526E000189E4C /* iClentPlayer.app */;
			productType = "com.apple.product-type.application";
		};
		A91578F01B2526E100189E4C /* iClentPlayerTests */ = {
			isa = PBXNativeTarget;
			buildConfigurationList = A91578FE1B2526E100189E4C /* Build configuration list for PBXNativeTarget "iClentPlayerTests" */;
			buildPhases = (
				A91578ED1B2526E100189E4C /* Sources */,
				A91578EE1B2526E100189E4C /* Frameworks */,
				A91578EF1B2526E100189E4C /* Resources */,
			);
			buildRules = (
			);
			dependencies = (
				A91578F31B2526E100189E4C /* PBXTargetDependency */,
			);
			name = iClentPlayerTests;
			productName = iClentPlayerTests;
			productReference = A91578F11B2526E100189E4C /* iClentPlayerTests.xctest */;
			productType = "com.apple.product-type.bundle.unit-test";
		};
/* End PBXNativeTarget section */

/* Begin PBXProject section */
		A91578CD1B2526E000189E4C /* Project object */ = {
			isa = PBXProject;
			attributes = {
				LastUpgradeCheck = 0610;
				ORGANIZATIONNAME = LimZhong;
				TargetAttributes = {
					A91578D41B2526E000189E4C = {
						CreatedOnToolsVersion = 6.1.1;
					};
					A91578F01B2526E100189E4C = {
						CreatedOnToolsVersion = 6.1.1;
						TestTargetID = A91578D41B2526E000189E4C;
					};
				};
			};
			buildConfigurationList = A91578D01B2526E000189E4C /* Build configuration list for PBXProject "iClentPlayer" */;
			compatibilityVersion = "Xcode 3.2";
			developmentRegion = English;
			hasScannedForEncodings = 0;
			knownRegions = (
				en,
				Base,
			);
			mainGroup = A91578CC1B2526E000189E4C;
			productRefGroup = A91578D61B2526E000189E4C /* Products */;
			projectDirPath = "";
			projectRoot = "";
			targets = (
				A91578D41B2526E000189E4C /* iClentPlayer */,
				A91578F01B2526E100189E4C /* iClentPlayerTests */,
			);
		};
/* End PBXProject section */

/* Begin PBXResourcesBuildPhase section */
		A91578D31B2526E000189E4C /* Resources */ = {
			isa = PBXResourcesBuildPhase;
			buildActionMask = 2147483647;
			files = (
				A91578E71B2526E000189E4C /* Main.storyboard in Resources */,
				A91578EC1B2526E100189E4C /* LaunchScreen.xib in Resources */,
				A91578E91B2526E100189E4C /* Images.xcassets in Resources */,
			);
			runOnlyForDeploymentPostprocessing = 0;
		};
		A91578EF1B2526E100189E4C /* Resources */ = {
			isa = PBXResourcesBuildPhase;
			buildActionMask = 2147483647;
			files = (
			);
			runOnlyForDeploymentPostprocessing = 0;
		};
/* End PBXResourcesBuildPhase section */

/* Begin PBXSourcesBuildPhase section */
		A91578D11B2526E000189E4C /* Sources */ = {
			isa = PBXSourcesBuildPhase;
			buildActionMask = 2147483647;
			files = (
				A91578E41B2526E000189E4C /* SecondViewController.m in Sources */,
				A91578DE1B2526E000189E4C /* AppDelegate.m in Sources */,
				A91578E11B2526E000189E4C /* FirstViewController.m in Sources */,
				A91578DB1B2526E000189E4C /* main.m in Sources */,
			);
			runOnlyForDeploymentPostprocessing = 0;
		};
		A91578ED1B2526E100189E4C /* Sources */ = {
			isa = PBXSourcesBuildPhase;
			buildActionMask = 2147483647;
			files = (
				A91578F81B2526E100189E4C /* iClentPlayerTests.m in Sources */,
			);
			runOnlyForDeploymentPostprocessing = 0;
		};
/* End PBXSourcesBuildPhase section */

/* Begin PBXTargetDependency section */
		A91578F31B2526E100189E4C /* PBXTargetDependency */ = {
			isa = PBXTargetDependency;
			target = A91578D41B2526E000189E4C /* iClentPlayer */;
			targetProxy = A91578F21B2526E100189E4C /* PBXContainerItemProxy */;
		};
/* End PBXTargetDependency section */

/* Begin PBXVariantGroup section */
		A91578E51B2526E000189E4C /* Main.storyboard */ = {
			isa = PBXVariantGroup;
			children = (
				A91578E61B2526E000189E4C /* Base */,
			);
			name = Main.storyboard;
			sourceTree = "<group>";
		};
		A91578EA1B2526E100189E4C /* LaunchScreen.xib */ = {
			isa = PBXVariantGroup;
			children = (
				A91578EB1B2526E100189E4C /* Base */,
			);
			name = LaunchScreen.xib;
			sourceTree = "<group>";
		};
/* End PBXVariantGroup section */

/* Begin XCBuildConfiguration section */
		A91578F91B2526E100189E4C /* Debug */ = {
			isa = XCBuildConfiguration;
			buildSettings = {
				ALWAYS_SEARCH_USER_PATHS = NO;
				CLANG_CXX_LANGUAGE_STANDARD = "gnu++0x";
				CLANG_CXX_LIBRARY = "libc++";
				CLANG_ENABLE_MODULES = YES;
				CLANG_ENABLE_OBJC_ARC = YES;
				CLANG_WARN_BOOL_CONVERSION = YES;
				CLANG_WARN_CONSTANT_CONVERSION = YES;
				CLANG_WARN_DIRECT_OBJC_ISA_USAGE = YES_ERROR;
				CLANG_WARN_EMPTY_BODY = YES;
				CLANG_WARN_ENUM_CONVERSION = YES;
				CLANG_WARN_INT_CONVERSION = YES;
				CLANG_WARN_OBJC_ROOT_CLASS = YES_ERROR;
				CLANG_WARN_UNREACHABLE_CODE = YES;
				CLANG_WARN__DUPLICATE_METHOD_MATCH = YES;
				"CODE_SIGN_IDENTITY[sdk=iphoneos*]" = "iPhone Developer";
				COPY_PHASE_STRIP = NO;
				ENABLE_STRICT_OBJC_MSGSEND = YES;
				GCC_C_LANGUAGE_STANDARD = gnu99;
				GCC_DYNAMIC_NO_PIC = NO;
				GCC_OPTIMIZATION_LEVEL = 0;
				GCC_PREPROCESSOR_DEFINITIONS = (
					"DEBUG=1",
					"$(inherited)",
				);
				GCC_SYMBOLS_PRIVATE_EXTERN = NO;
				GCC_WARN_64_TO_32_BIT_CONVERSION = YES;
				GCC_WARN_ABOUT_RETURN_TYPE = YES_ERROR;
				GCC_WARN_UNDECLARED_SELECTOR = YES;
				GCC_WARN_UNINITIALIZED_AUTOS = YES_AGGRESSIVE;
				GCC_WARN_UNUSED_FUNCTION = YES;
				GCC_WARN_UNUSED_VARIABLE = YES;
				IPHONEOS_DEPLOYMENT_TARGET = 8.1;
				MTL_ENABLE_DEBUG_INFO = YES;
				ONLY_ACTIVE_ARCH = YES;
				SDKROOT = iphoneos;
				TARGETED_DEVICE_FAMILY = "1,2";
			};
			name = Debug;
		};
		A91578FA1B2526E100189E4C /* Release */ = {
			isa = XCBuildConfiguration;
			buildSettings = {
				ALWAYS_SEARCH_USER_PATHS = NO;
				CLANG_CXX_LANGUAGE_STANDARD = "gnu++0x";
				CLANG_CXX_LIBRARY = "libc++";
				CLANG_ENABLE_MODULES = YES;
				CLANG_ENABLE_OBJC_ARC = YES;
				CLANG_WARN_BOOL_CONVERSION = YES;
				CLANG_WARN_CONSTANT_CONVERSION = YES;
				CLANG_WARN_DIRECT_OBJC_ISA_USAGE = YES_ERROR;
				CLANG_WARN_EMPTY_BODY = YES;
				CLANG_WARN_ENUM_CONVERSION = YES;
				CLANG_WARN_INT_CONVERSION = YES;
				CLANG_WARN_OBJC_ROOT_CLASS = YES_ERROR;
				CLANG_WARN_UNREACHABLE_CODE = YES;
				CLANG_WARN__DUPLICATE_METHOD_MATCH = YES;
				"CODE_SIGN_IDENTITY[sdk=iphoneos*]" = "iPhone Developer";
				COPY_PHASE_STRIP = YES;
				ENABLE_NS_ASSERTIONS = NO;
				ENABLE_STRICT_OBJC_MSGSEND = YES;
				GCC_C_LANGUAGE_STANDARD = gnu99;
				GCC_WARN_64_TO_32_BIT_CONVERSION = YES;
				GCC_WARN_ABOUT_RETURN_TYPE = YES_ERROR;
				GCC_WARN_UNDECLARED_SELECTOR = YES;
				GCC_WARN_UNINITIALIZED_AUTOS = YES_AGGRESSIVE;
				GCC_WARN_UNUSED_FUNCTION = YES;
				GCC_WARN_UNUSED_VARIABLE = YES;
				IPHONEOS_DEPLOYMENT_TARGET = 8.1;
				MTL_ENABLE_DEBUG_INFO = NO;
				SDKROOT = iphoneos;
				TARGETED_DEVICE_FAMILY = "1,2";
				VALIDATE_PRODUCT = YES;
			};
			name = Release;
		};
		A91578FC1B2526E100189E4C /* Debug */ = {
			isa = XCBuildConfiguration;
			buildSettings = {
				ASSETCATALOG_COMPILER_APPICON_NAME = AppIcon;
				INFOPLIST_FILE = iClentPlayer/Info.plist;
				LD_RUNPATH_SEARCH_PATHS = "$(inherited) @executable_path/Frameworks";
				PRODUCT_NAME = "$(TARGET_NAME)";
			};
			name = Debug;
		};
		A91578FD1B2526E100189E4C /* Release */ = {
			isa = XCBuildConfiguration;
			buildSettings = {
				ASSETCATALOG_COMPILER_APPICON_NAME = AppIcon;
				INFOPLIST_FILE = iClentPlayer/Info.plist;
				LD_RUNPATH_SEARCH_PATHS = "$(inherited) @executable_path/Frameworks";
				PRODUCT_NAME = "$(TARGET_NAME)";
			};
			name = Release;
		};
		A91578FF1B2526E100189E4C /* Debug */ = {
			isa = XCBuildConfiguration;
			buildSettings = {
				BUNDLE_LOADER = "$(TEST_HOST)";
				FRAMEWORK_SEARCH_PATHS = (
					"$(SDKROOT)/Developer/Library/Frameworks",
					"$(inherited)",
				);
				GCC_PREPROCESSOR_DEFINITIONS = (
					"DEBUG=1",
					"$(inherited)",
				);
				INFOPLIST_FILE = iClentPlayerTests/Info.plist;
				LD_RUNPATH_SEARCH_PATHS = "$(inherited) @executable_path/Frameworks @loader_path/Frameworks";
				PRODUCT_NAME = "$(TARGET_NAME)";
				TEST_HOST = "$(BUILT_PRODUCTS_DIR)/iClentPlayer.app/iClentPlayer";
			};
			name = Debug;
		};
		A91579001B2526E100189E4C /* Release */ = {
			isa = XCBuildConfiguration;
			buildSettings = {
				BUNDLE_LOADER = "$(TEST_HOST)";
				FRAMEWORK_SEARCH_PATHS = (
					"$(SDKROOT)/Developer/Library/Frameworks",
					"$(inherited)",
				);
				INFOPLIST_FILE = iClentPlayerTests/Info.plist;
				LD_RUNPATH_SEARCH_PATHS = "$(inherited) @executable_path/Frameworks @loader_path/Frameworks";
				PRODUCT_NAME = "$(TARGET_NAME)";
				TEST_HOST = "$(BUILT_PRODUCTS_DIR)/iClentPlayer.app/iClentPlayer";
			};
			name = Release;
		};
/* End XCBuildConfiguration section */

/* Begin XCConfigurationList section */
		A91578D01B2526E000189E4C /* Build configuration list for PBXProject "iClentPlayer" */ = {
			isa = XCConfigurationList;
			buildConfigurations = (
				A91578F91B2526E100189E4C /* Debug */,
				A91578FA1B2526E100189E4C /* Release */,
			);
			defaultConfigurationIsVisible = 0;
			defaultConfigurationName = Release;
		};
		A91578FB1B2526E100189E4C /* Build configuration list for PBXNativeTarget "iClentPlayer" */ = {
			isa = XCConfigurationList;
			buildConfigurations = (
				A91578FC1B2526E100189E4C /* Debug */,
				A91578FD1B2526E100189E4C /* Release */,
			);
			defaultConfigurationIsVisible = 0;
		};
		A91578FE1B2526E100189E4C /* Build configuration list for PBXNativeTarget "iClentPlayerTests" */ = {
			isa = XCConfigurationList;
			buildConfigurations = (
				A91578FF1B2526E100189E4C /* Debug */,
				A91579001B2526E100189E4C /* Release */,
			);
			defaultConfigurationIsVisible = 0;
		};
/* End XCConfigurationList section */
	};
	rootObject = A91578CD1B2526E000189E4C /* Project object */;
}
